
Microsoft Visual Studio Solution File, Format Version 12.00
# Visual Studio Version 17
VisualStudioVersion = 17.4.33403.182
MinimumVisualStudioVersion = 10.0.40219.1
Project("{FAE04EC0-301F-11D3-BF4B-00C04F79EFBC}") = "Jogoda Velha", "Jogoda Velha\Jogoda Velha.csproj", "{4AC02801-2A26-4ECE-B368-EC82D99B971D}"
EndProject
Global
	GlobalSection(SolutionConfigurationPlatforms) = preSolution
		Debug|Any CPU = Debug|Any CPU
		Release|Any CPU = Release|Any CPU
	EndGlobalSection
	GlobalSection(ProjectConfigurationPlatforms) = postSolution
		{4AC02801-2A26-4ECE-B368-EC82D99B971D}.Debug|Any CPU.ActiveCfg = Debug|Any CPU
		{4AC02801-2A26-4ECE-B368-EC82D99B971D}.Debug|Any CPU.Build.0 = Debug|Any CPU
		{4AC02801-2A26-4ECE-B368-EC82D99B971D}.Release|Any CPU.ActiveCfg = Release|Any CPU
		{4AC02801-2A26-4ECE-B368-EC82D99B971D}.Release|Any CPU.Build.0 = Release|Any CPU
	EndGlobalSection
	GlobalSection(SolutionProperties) = preSolution
		HideSolutionNode = FALSE
	EndGlobalSection
	GlobalSection(ExtensibilityGlobals) = postSolution
		SolutionGuid = {598B9162-B251-4908-BF36-345325449F59}
	EndGlobalSection
EndGlobal
